// !$*UTF8*$!
{
	archiveVersion = 1;
	classes = {
	};
	objectVersion = 77;
	objects = {

/* Begin PBXBuildFile section */
		267D45442FEB55D400D61E63 /* FirebaseAuth in Frameworks */ = {isa = PBXBuildFile; productRef = 267D45432FEB55D400D61E63 /* FirebaseAuth */; };
		267D45462FEB55D400D61E63 /* FirebaseAuthCombine-Community in Frameworks */ = {isa = PBXBuildFile; productRef = 267D45452FEB55D400D61E63 /* FirebaseAuthCombine-Community */; };
		267D45482FEB55D400D61E63 /* FirebaseCore in Frameworks */ = {isa = PBXBuildFile; productRef = 267D45472FEB55D400D61E63 /* FirebaseCore */; };
		267D45872FEBA0D300D61E63 /* Lottie in Frameworks */ = {isa = PBXBuildFile; productRef = 267D45862FEBA0D300D61E63 /* Lottie */; };
		267D45E62FED1A9400D61E63 /* SnapKit in Frameworks */ = {isa = PBXBuildFile; productRef = 267D45E52FED1A9400D61E63 /* SnapKit */; };
		267D466D2FED70E800D61E63 /* GoogleSignIn in Frameworks */ = {isa = PBXBuildFile; productRef = 267D466C2FED70E800D61E63 /* GoogleSignIn */; };
		267D46702FED712600D61E63 /* Alamofire in Frameworks */ = {isa = PBXBuildFile; productRef = 267D466F2FED712600D61E63 /* Alamofire */; };
		267D46782FEF895400D61E63 /* SwiftTasksVision in Frameworks */ = {isa = PBXBuildFile; productRef = 267D46772FEF895400D61E63 /* SwiftTasksVision */; };
/* End PBXBuildFile section */

/* Begin PBXContainerItemProxy section */
		267D45202FEA91B400D61E63 /* PBXContainerItemProxy */ = {
			isa = PBXContainerItemProxy;
			containerPortal = 267D45012FEA91B200D61E63 /* Project object */;
			proxyType = 1;
			remoteGlobalIDString = 267D45082FEA91B200D61E63;
			remoteInfo = HandsTracker;
		};
		267D452A2FEA91B400D61E63 /* PBXContainerItemProxy */ = {
			isa = PBXContainerItemProxy;
			containerPortal = 267D45012FEA91B200D61E63 /* Project object */;
			proxyType = 1;
			remoteGlobalIDString = 267D45082FEA91B200D61E63;
			remoteInfo = HandsTracker;
		};
/* End PBXContainerItemProxy section */

/* Begin PBXFileReference section */
		267D45092FEA91B200D61E63 /* HandsTracker.app */ = {isa = PBXFileReference; explicitFileType = wrapper.application; includeInIndex = 0; path = HandsTracker.app; sourceTree = BUILT_PRODUCTS_DIR; };
		267D451F2FEA91B400D61E63 /* HandsTrackerTests.xctest */ = {isa = PBXFileReference; explicitFileType = wrapper.cfbundle; includeInIndex = 0; path = HandsTrackerTests.xctest; sourceTree = BUILT_PRODUCTS_DIR; };
		267D45292FEA91B400D61E63 /* HandsTrackerUITests.xctest */ = {isa = PBXFileReference; explicitFileType = wrapper.cfbundle; includeInIndex = 0; path = HandsTrackerUITests.xctest; sourceTree = BUILT_PRODUCTS_DIR; };
/* End PBXFileReference section */

/* Begin PBXFileSystemSynchronizedBuildFileExceptionSet section */
		267D45312FEA91B400D61E63 /* Exceptions for "HandsTracker" folder in "HandsTracker" target */ = {
			isa = PBXFileSystemSynchronizedBuildFileExceptionSet;
			membershipExceptions = (
				Info.plist,
			);
			target = 267D45082FEA91B200D61E63 /* HandsTracker */;
		};
/* End PBXFileSystemSynchronizedBuildFileExceptionSet section */

/* Begin PBXFileSystemSynchronizedRootGroup section */
		267D450B2FEA91B200D61E63 /* HandsTracker */ = {
			isa = PBXFileSystemSynchronizedRootGroup;
			exceptions = (
				267D45312FEA91B400D61E63 /* Exceptions for "HandsTracker" folder in "HandsTracker" target */,
			);
			path = HandsTracker;
			sourceTree = "<group>";
		};
		267D45222FEA91B400D61E63 /* HandsTrackerTests */ = {
			isa = PBXFileSystemSynchronizedRootGroup;
			path = HandsTrackerTests;
			sourceTree = "<group>";
		};
		267D452C2FEA91B400D61E63 /* HandsTrackerUITests */ = {
			isa = PBXFileSystemSynchronizedRootGroup;
			path = HandsTrackerUITests;
			sourceTree = "<group>";
		};
/* End PBXFileSystemSynchronizedRootGroup section */

/* Begin PBXFrameworksBuildPhase section */
		267D45062FEA91B200D61E63 /* Frameworks */ = {
			isa = PBXFrameworksBuildPhase;
			buildActionMask = 2147483647;
			files = (
				267D45482FEB55D400D61E63 /* FirebaseCore in Frameworks */,
				267D46702FED712600D61E63 /* Alamofire in Frameworks */,
				267D45442FEB55D400D61E63 /* FirebaseAuth in Frameworks */,
				267D46782FEF895400D61E63 /* SwiftTasksVision in Frameworks */,
				267D45462FEB55D400D61E63 /* FirebaseAuthCombine-Community in Frameworks */,
				267D45872FEBA0D300D61E63 /* Lottie in Frameworks */,
				267D45E62FED1A9400D61E63 /* SnapKit in Frameworks */,
				267D466D2FED70E800D61E63 /* GoogleSignIn in Frameworks */,
			);
			runOnlyForDeploymentPostprocessing = 0;
		};
		267D451C2FEA91B400D61E63 /* Frameworks */ = {
			isa = PBXFrameworksBuildPhase;
			buildActionMask = 2147483647;
			files = (
			);
			runOnlyForDeploymentPostprocessing = 0;
		};
		267D45262FEA91B400D61E63 /* Frameworks */ = {
			isa = PBXFrameworksBuildPhase;
			buildActionMask = 2147483647;
			files = (
			);
			runOnlyForDeploymentPostprocessing = 0;
		};
/* End PBXFrameworksBuildPhase section */

/* Begin PBXGroup section */
		267D45002FEA91B200D61E63 = {
			isa = PBXGroup;
			children = (
				267D450B2FEA91B200D61E63 /* HandsTracker */,
				267D45222FEA91B400D61E63 /* HandsTrackerTests */,
				267D452C2FEA91B400D61E63 /* HandsTrackerUITests */,
				267D450A2FEA91B200D61E63 /* Products */,
			);
			sourceTree = "<group>";
		};
		267D450A2FEA91B200D61E63 /* Products */ = {
			isa = PBXGroup;
			children = (
				267D45092FEA91B200D61E63 /* HandsTracker.app */,
				267D451F2FEA91B400D61E63 /* HandsTrackerTests.xctest */,
				267D45292FEA91B400D61E63 /* HandsTrackerUITests.xctest */,
			);
			name = Products;
			sourceTree = "<group>";
		};
/* End PBXGroup section */

/* Begin PBXNativeTarget section */
		267D45082FEA91B200D61E63 /* HandsTracker */ = {
			isa = PBXNativeTarget;
			buildConfigurationList = 267D45322FEA91B400D61E63 /* Build configuration list for PBXNativeTarget "HandsTracker" */;
			buildPhases = (
				267D45052FEA91B200D61E63 /* Sources */,
				267D45062FEA91B200D61E63 /* Frameworks */,
				267D45072FEA91B200D61E63 /* Resources */,
			);
			buildRules = (
			);
			dependencies = (
			);
			fileSystemSynchronizedGroups = (
				267D450B2FEA91B200D61E63 /* HandsTracker */,
			);
			name = HandsTracker;
			packageProductDependencies = (
				267D45432FEB55D400D61E63 /* FirebaseAuth */,
				267D45452FEB55D400D61E63 /* FirebaseAuthCombine-Community */,
				267D45472FEB55D400D61E63 /* FirebaseCore */,
				267D45862FEBA0D300D61E63 /* Lottie */,
				267D45E52FED1A9400D61E63 /* SnapKit */,
				267D466C2FED70E800D61E63 /* GoogleSignIn */,
				267D466F2FED712600D61E63 /* Alamofire */,
				267D46772FEF895400D61E63 /* SwiftTasksVision */,
			);
			productName = HandsTracker;
			productReference = 267D45092FEA91B200D61E63 /* HandsTracker.app */;
			productType = "com.apple.product-type.application";
		};
		267D451E2FEA91B400D61E63 /* HandsTrackerTests */ = {
			isa = PBXNativeTarget;
			buildConfigurationList = 267D45372FEA91B400D61E63 /* Build configuration list for PBXNativeTarget "HandsTrackerTests" */;
			buildPhases = (
				267D451B2FEA91B400D61E63 /* Sources */,
				267D451C2FEA91B400D61E63 /* Frameworks */,
				267D451D2FEA91B400D61E63 /* Resources */,
			);
			buildRules = (
			);
			dependencies = (
				267D45212FEA91B400D61E63 /* PBXTargetDependency */,
			);
			fileSystemSynchronizedGroups = (
				267D45222FEA91B400D61E63 /* HandsTrackerTests */,
			);
			name = HandsTrackerTests;
			packageProductDependencies = (
			);
			productName = HandsTrackerTests;
			productReference = 267D451F2FEA91B400D61E63 /* HandsTrackerTests.xctest */;
			productType = "com.apple.product-type.bundle.unit-test";
		};
		267D45282FEA91B400D61E63 /* HandsTrackerUITests */ = {
			isa = PBXNativeTarget;
			buildConfigurationList = 267D453A2FEA91B400D61E63 /* Build configuration list for PBXNativeTarget "HandsTrackerUITests" */;
			buildPhases = (
				267D45252FEA91B400D61E63 /* Sources */,
				267D45262FEA91B400D61E63 /* Frameworks */,
				267D45272FEA91B400D61E63 /* Resources */,
			);
			buildRules = (
			);
			dependencies = (
				267D452B2FEA91B400D61E63 /* PBXTargetDependency */,
			);
			fileSystemSynchronizedGroups = (
				267D452C2FEA91B400D61E63 /* HandsTrackerUITests */,
			);
			name = HandsTrackerUITests;
			packageProductDependencies = (
			);
			productName = HandsTrackerUITests;
			productReference = 267D45292FEA91B400D61E63 /* HandsTrackerUITests.xctest */;
			productType = "com.apple.product-type.bundle.ui-testing";
		};
/* End PBXNativeTarget section */

/* Begin PBXProject section */
		267D45012FEA91B200D61E63 /* Project object */ = {
			isa = PBXProject;
			attributes = {
				BuildIndependentTargetsInParallel = 1;
				LastSwiftUpdateCheck = 2600;
				LastUpgradeCheck = 2600;
				TargetAttributes = {
					267D45082FEA91B200D61E63 = {
						CreatedOnToolsVersion = 26.0;
					};
					267D451E2FEA91B400D61E63 = {
						CreatedOnToolsVersion = 26.0;
						TestTargetID = 267D45082FEA91B200D61E63;
					};
					267D45282FEA91B400D61E63 = {
						CreatedOnToolsVersion = 26.0;
						TestTargetID = 267D45082FEA91B200D61E63;
					};
				};
			};
			buildConfigurationList = 267D45042FEA91B200D61E63 /* Build configuration list for PBXProject "HandsTracker" */;
			developmentRegion = en;
			hasScannedForEncodings = 0;
			knownRegions = (
				en,
				Base,
				vi,
			);
			mainGroup = 267D45002FEA91B200D61E63;
			minimizedProjectReferenceProxies = 1;
			packageReferences = (
				267D45422FEB55D400D61E63 /* XCRemoteSwiftPackageReference "firebase-ios-sdk" */,
				267D45852FEBA0D300D61E63 /* XCRemoteSwiftPackageReference "lottie-ios" */,
				267D45E42FED1A9400D61E63 /* XCRemoteSwiftPackageReference "SnapKit" */,
				267D466B2FED70E800D61E63 /* XCRemoteSwiftPackageReference "GoogleSignIn-iOS" */,
				267D466E2FED712600D61E63 /* XCRemoteSwiftPackageReference "Alamofire" */,
				267D46762FEF895400D61E63 /* XCRemoteSwiftPackageReference "SwiftTasksVision" */,
			);
			preferredProjectObjectVersion = 77;
			productRefGroup = 267D450A2FEA91B200D61E63 /* Products */;
			projectDirPath = "";
			projectRoot = "";
			targets = (
				267D45082FEA91B200D61E63 /* HandsTracker */,
				267D451E2FEA91B400D61E63 /* HandsTrackerTests */,
				267D45282FEA91B400D61E63 /* HandsTrackerUITests */,
			);
		};
/* End PBXProject section */

/* Begin PBXResourcesBuildPhase section */
		267D45072FEA91B200D61E63 /* Resources */ = {
			isa = PBXResourcesBuildPhase;
			buildActionMask = 2147483647;
			files = (
			);
			runOnlyForDeploymentPostprocessing = 0;
		};
		267D451D2FEA91B400D61E63 /* Resources */ = {
			isa = PBXResourcesBuildPhase;
			buildActionMask = 2147483647;
			files = (
			);
			runOnlyForDeploymentPostprocessing = 0;
		};
		267D45272FEA91B400D61E63 /* Resources */ = {
			isa = PBXResourcesBuildPhase;
			buildActionMask = 2147483647;
			files = (
			);
			runOnlyForDeploymentPostprocessing = 0;
		};
/* End PBXResourcesBuildPhase section */

/* Begin PBXSourcesBuildPhase section */
		267D45052FEA91B200D61E63 /* Sources */ = {
			isa = PBXSourcesBuildPhase;
			buildActionMask = 2147483647;
			files = (
			);
			runOnlyForDeploymentPostprocessing = 0;
		};
		267D451B2FEA91B400D61E63 /* Sources */ = {
			isa = PBXSourcesBuildPhase;
			buildActionMask = 2147483647;
			files = (
			);
			runOnlyForDeploymentPostprocessing = 0;
		};
		267D45252FEA91B400D61E63 /* Sources */ = {
			isa = PBXSourcesBuildPhase;
			buildActionMask = 2147483647;
			files = (
			);
			runOnlyForDeploymentPostprocessing = 0;
		};
/* End PBXSourcesBuildPhase section */

/* Begin PBXTargetDependency section */
		267D45212FEA91B400D61E63 /* PBXTargetDependency */ = {
			isa = PBXTargetDependency;
			target = 267D45082FEA91B200D61E63 /* HandsTracker */;
			targetProxy = 267D45202FEA91B400D61E63 /* PBXContainerItemProxy */;
		};
		267D452B2FEA91B400D61E63 /* PBXTargetDependency */ = {
			isa = PBXTargetDependency;
			target = 267D45082FEA91B200D61E63 /* HandsTracker */;
			targetProxy = 267D452A2FEA91B400D61E63 /* PBXContainerItemProxy */;
		};
/* End PBXTargetDependency section */

/* Begin XCBuildConfiguration section */
		267D45332FEA91B400D61E63 /* Debug */ = {
			isa = XCBuildConfiguration;
			buildSettings = {
				ASSETCATALOG_COMPILER_APPICON_NAME = AppIcon;
				ASSETCATALOG_COMPILER_GLOBAL_ACCENT_COLOR_NAME = AccentColor;
				CODE_SIGN_IDENTITY = "Apple Development";
				CODE_SIGN_STYLE = Automatic;
				CURRENT_PROJECT_VERSION = 1;
				DEVELOPMENT_TEAM = HRL6ZVCDW3;
				GENERATE_INFOPLIST_FILE = YES;
				INFOPLIST_FILE = HandsTracker/Info.plist;
				INFOPLIST_KEY_NSCameraUsageDescription = "Use camera";
				INFOPLIST_KEY_NSMicrophoneUsageDescription = "Use Microphone";
				INFOPLIST_KEY_UIApplicationSupportsIndirectInputEvents = YES;
				INFOPLIST_KEY_UILaunchStoryboardName = LaunchScreen;
				INFOPLIST_KEY_UIMainStoryboardFile = Main;
				INFOPLIST_KEY_UISupportedInterfaceOrientations_iPad = "UIInterfaceOrientationPortrait UIInterfaceOrientationPortraitUpsideDown UIInterfaceOrientationLandscapeLeft UIInterfaceOrientationLandscapeRight";
				INFOPLIST_KEY_UISupportedInterfaceOrientations_iPhone = "UIInterfaceOrientationPortrait UIInterfaceOrientationLandscapeLeft UIInterfaceOrientationLandscapeRight";
				IPHONEOS_DEPLOYMENT_TARGET = 15.6;
				LD_RUNPATH_SEARCH_PATHS = (
					"$(inherited)",
					"@executable_path/Frameworks",
				);
				MARKETING_VERSION = 0.1;
				PRODUCT_BUNDLE_IDENTIFIER = com.smartosc.apollo11;
				PRODUCT_NAME = "$(TARGET_NAME)";
				PROVISIONING_PROFILE_SPECIFIER = "";
				STRING_CATALOG_GENERATE_SYMBOLS = YES;
				SWIFT_APPROACHABLE_CONCURRENCY = YES;
				SWIFT_DEFAULT_ACTOR_ISOLATION = MainActor;
				SWIFT_EMIT_LOC_STRINGS = YES;
				SWIFT_UPCOMING_FEATURE_MEMBER_IMPORT_VISIBILITY = YES;
				SWIFT_VERSION = 5.0;
				TARGETED_DEVICE_FAMILY = "1,2";
			};
			name = Debug;
		};
		267D45342FEA91B400D61E63 /* Release */ = {
			isa = XCBuildConfiguration;
			buildSettings = {
				ASSETCATALOG_COMPILER_APPICON_NAME = AppIcon;
				ASSETCATALOG_COMPILER_GLOBAL_ACCENT_COLOR_NAME = AccentColor;
				CODE_SIGN_IDENTITY = "Apple Development";
				CODE_SIGN_STYLE = Automatic;
				CURRENT_PROJECT_VERSION = 1;
				DEVELOPMENT_TEAM = HRL6ZVCDW3;
				GENERATE_INFOPLIST_FILE = YES;
				INFOPLIST_FILE = HandsTracker/Info.plist;
				INFOPLIST_KEY_NSCameraUsageDescription = "Use camera";
				INFOPLIST_KEY_NSMicrophoneUsageDescription = "Use Microphone";
				INFOPLIST_KEY_UIApplicationSupportsIndirectInputEvents = YES;
				INFOPLIST_KEY_UILaunchStoryboardName = LaunchScreen;
				INFOPLIST_KEY_UIMainStoryboardFile = Main;
				INFOPLIST_KEY_UISupportedInterfaceOrientations_iPad = "UIInterfaceOrientationPortrait UIInterfaceOrientationPortraitUpsideDown UIInterfaceOrientationLandscapeLeft UIInterfaceOrientationLandscapeRight";
				INFOPLIST_KEY_UISupportedInterfaceOrientations_iPhone = "UIInterfaceOrientationPortrait UIInterfaceOrientationLandscapeLeft UIInterfaceOrientationLandscapeRight";
				IPHONEOS_DEPLOYMENT_TARGET = 15.6;
				LD_RUNPATH_SEARCH_PATHS = (
					"$(inherited)",
					"@executable_path/Frameworks",
				);
				MARKETING_VERSION = 0.1;
				PRODUCT_BUNDLE_IDENTIFIER = com.smartosc.apollo11;
				PRODUCT_NAME = "$(TARGET_NAME)";
				PROVISIONING_PROFILE_SPECIFIER = "";
				STRING_CATALOG_GENERATE_SYMBOLS = YES;
				SWIFT_APPROACHABLE_CONCURRENCY = YES;
				SWIFT_DEFAULT_ACTOR_ISOLATION = MainActor;
				SWIFT_EMIT_LOC_STRINGS = YES;
				SWIFT_UPCOMING_FEATURE_MEMBER_IMPORT_VISIBILITY = YES;
				SWIFT_VERSION = 5.0;
				TARGETED_DEVICE_FAMILY = "1,2";
			};
			name = Release;
		};
		267D45352FEA91B400D61E63 /* Debug */ = {
			isa = XCBuildConfiguration;
			buildSettings = {
				ALWAYS_SEARCH_USER_PATHS = NO;
				ASSETCATALOG_COMPILER_GENERATE_SWIFT_ASSET_SYMBOL_EXTENSIONS = YES;
				CLANG_ANALYZER_NONNULL = YES;
				CLANG_ANALYZER_NUMBER_OBJECT_CONVERSION = YES_AGGRESSIVE;
				CLANG_CXX_LANGUAGE_STANDARD = "gnu++20";
				CLANG_ENABLE_MODULES = YES;
				CLANG_ENABLE_OBJC_ARC = YES;
				CLANG_ENABLE_OBJC_WEAK = YES;
				CLANG_WARN_BLOCK_CAPTURE_AUTORELEASING = YES;
				CLANG_WARN_BOOL_CONVERSION = YES;
				CLANG_WARN_COMMA = YES;
				CLANG_WARN_CONSTANT_CONVERSION = YES;
				CLANG_WARN_DEPRECATED_OBJC_IMPLEMENTATIONS = YES;
				CLANG_WARN_DIRECT_OBJC_ISA_USAGE = YES_ERROR;
				CLANG_WARN_DOCUMENTATION_COMMENTS = YES;
				CLANG_WARN_EMPTY_BODY = YES;
				CLANG_WARN_ENUM_CONVERSION = YES;
				CLANG_WARN_INFINITE_RECURSION = YES;
				CLANG_WARN_INT_CONVERSION = YES;
				CLANG_WARN_NON_LITERAL_NULL_CONVERSION = YES;
				CLANG_WARN_OBJC_IMPLICIT_RETAIN_SELF = YES;
				CLANG_WARN_OBJC_LITERAL_CONVERSION = YES;
				CLANG_WARN_OBJC_ROOT_CLASS = YES_ERROR;
				CLANG_WARN_QUOTED_INCLUDE_IN_FRAMEWORK_HEADER = YES;
				CLANG_WARN_RANGE_LOOP_ANALYSIS = YES;
				CLANG_WARN_STRICT_PROTOTYPES = YES;
				CLANG_WARN_SUSPICIOUS_MOVE = YES;
				CLANG_WARN_UNGUARDED_AVAILABILITY = YES_AGGRESSIVE;
				CLANG_WARN_UNREACHABLE_CODE = YES;
				CLANG_WARN__DUPLICATE_METHOD_MATCH = YES;
				COPY_PHASE_STRIP = NO;
				DEBUG_INFORMATION_FORMAT = dwarf;
				ENABLE_STRICT_OBJC_MSGSEND = YES;
				ENABLE_TESTABILITY = YES;
				ENABLE_USER_SCRIPT_SANDBOXING = YES;
				GCC_C_LANGUAGE_STANDARD = gnu17;
				GCC_DYNAMIC_NO_PIC = NO;
				GCC_NO_COMMON_BLOCKS = YES;
				GCC_OPTIMIZATION_LEVEL = 0;
				GCC_PREPROCESSOR_DEFINITIONS = (
					"DEBUG=1",
					"$(inherited)",
				);
				GCC_WARN_64_TO_32_BIT_CONVERSION = YES;
				GCC_WARN_ABOUT_RETURN_TYPE = YES_ERROR;
				GCC_WARN_UNDECLARED_SELECTOR = YES;
				GCC_WARN_UNINITIALIZED_AUTOS = YES_AGGRESSIVE;
				GCC_WARN_UNUSED_FUNCTION = YES;
				GCC_WARN_UNUSED_VARIABLE = YES;
				IPHONEOS_DEPLOYMENT_TARGET = 26.0;
				LOCALIZATION_PREFERS_STRING_CATALOGS = YES;
				MTL_ENABLE_DEBUG_INFO = INCLUDE_SOURCE;
				MTL_FAST_MATH = YES;
				ONLY_ACTIVE_ARCH = YES;
				SDKROOT = iphoneos;
				SWIFT_ACTIVE_COMPILATION_CONDITIONS = "DEBUG $(inherited)";
				SWIFT_OPTIMIZATION_LEVEL = "-Onone";
			};
			name = Debug;
		};
		267D45362FEA91B400D61E63 /* Release */ = {
			isa = XCBuildConfiguration;
			buildSettings = {
				ALWAYS_SEARCH_USER_PATHS = NO;
				ASSETCATALOG_COMPILER_GENERATE_SWIFT_ASSET_SYMBOL_EXTENSIONS = YES;
				CLANG_ANALYZER_NONNULL = YES;
				CLANG_ANALYZER_NUMBER_OBJECT_CONVERSION = YES_AGGRESSIVE;
				CLANG_CXX_LANGUAGE_STANDARD = "gnu++20";
				CLANG_ENABLE_MODULES = YES;
				CLANG_ENABLE_OBJC_ARC = YES;
				CLANG_ENABLE_OBJC_WEAK = YES;
				CLANG_WARN_BLOCK_CAPTURE_AUTORELEASING = YES;
				CLANG_WARN_BOOL_CONVERSION = YES;
				CLANG_WARN_COMMA = YES;
				CLANG_WARN_CONSTANT_CONVERSION = YES;
				CLANG_WARN_DEPRECATED_OBJC_IMPLEMENTATIONS = YES;
				CLANG_WARN_DIRECT_OBJC_ISA_USAGE = YES_ERROR;
				CLANG_WARN_DOCUMENTATION_COMMENTS = YES;
				CLANG_WARN_EMPTY_BODY = YES;
				CLANG_WARN_ENUM_CONVERSION = YES;
				CLANG_WARN_INFINITE_RECURSION = YES;
				CLANG_WARN_INT_CONVERSION = YES;
				CLANG_WARN_NON_LITERAL_NULL_CONVERSION = YES;
				CLANG_WARN_OBJC_IMPLICIT_RETAIN_SELF = YES;
				CLANG_WARN_OBJC_LITERAL_CONVERSION = YES;
				CLANG_WARN_OBJC_ROOT_CLASS = YES_ERROR;
				CLANG_WARN_QUOTED_INCLUDE_IN_FRAMEWORK_HEADER = YES;
				CLANG_WARN_RANGE_LOOP_ANALYSIS = YES;
				CLANG_WARN_STRICT_PROTOTYPES = YES;
				CLANG_WARN_SUSPICIOUS_MOVE = YES;
				CLANG_WARN_UNGUARDED_AVAILABILITY = YES_AGGRESSIVE;
				CLANG_WARN_UNREACHABLE_CODE = YES;
				CLANG_WARN__DUPLICATE_METHOD_MATCH = YES;
				COPY_PHASE_STRIP = NO;
				DEBUG_INFORMATION_FORMAT = "dwarf-with-dsym";
				ENABLE_NS_ASSERTIONS = NO;
				ENABLE_STRICT_OBJC_MSGSEND = YES;
				ENABLE_USER_SCRIPT_SANDBOXING = YES;
				GCC_C_LANGUAGE_STANDARD = gnu17;
				GCC_NO_COMMON_BLOCKS = YES;
				GCC_WARN_64_TO_32_BIT_CONVERSION = YES;
				GCC_WARN_ABOUT_RETURN_TYPE = YES_ERROR;
				GCC_WARN_UNDECLARED_SELECTOR = YES;
				GCC_WARN_UNINITIALIZED_AUTOS = YES_AGGRESSIVE;
				GCC_WARN_UNUSED_FUNCTION = YES;
				GCC_WARN_UNUSED_VARIABLE = YES;
				IPHONEOS_DEPLOYMENT_TARGET = 26.0;
				LOCALIZATION_PREFERS_STRING_CATALOGS = YES;
				MTL_ENABLE_DEBUG_INFO = NO;
				MTL_FAST_MATH = YES;
				SDKROOT = iphoneos;
				SWIFT_COMPILATION_MODE = wholemodule;
				VALIDATE_PRODUCT = YES;
			};
			name = Release;
		};
		267D45382FEA91B400D61E63 /* Debug */ = {
			isa = XCBuildConfiguration;
			buildSettings = {
				BUNDLE_LOADER = "$(TEST_HOST)";
				CODE_SIGN_STYLE = Automatic;
				CURRENT_PROJECT_VERSION = 1;
				GENERATE_INFOPLIST_FILE = YES;
				IPHONEOS_DEPLOYMENT_TARGET = 26.0;
				MARKETING_VERSION = 1.0;
				PRODUCT_BUNDLE_IDENTIFIER = com.qnm.HandsTrackerTests;
				PRODUCT_NAME = "$(TARGET_NAME)";
				STRING_CATALOG_GENERATE_SYMBOLS = NO;
				SWIFT_APPROACHABLE_CONCURRENCY = YES;
				SWIFT_EMIT_LOC_STRINGS = NO;
				SWIFT_UPCOMING_FEATURE_MEMBER_IMPORT_VISIBILITY = YES;
				SWIFT_VERSION = 5.0;
				TARGETED_DEVICE_FAMILY = "1,2";
				TEST_HOST = "$(BUILT_PRODUCTS_DIR)/HandsTracker.app/$(BUNDLE_EXECUTABLE_FOLDER_PATH)/HandsTracker";
			};
			name = Debug;
		};
		267D45392FEA91B400D61E63 /* Release */ = {
			isa = XCBuildConfiguration;
			buildSettings = {
				BUNDLE_LOADER = "$(TEST_HOST)";
				CODE_SIGN_STYLE = Automatic;
				CURRENT_PROJECT_VERSION = 1;
				GENERATE_INFOPLIST_FILE = YES;
				IPHONEOS_DEPLOYMENT_TARGET = 26.0;
				MARKETING_VERSION = 1.0;
				PRODUCT_BUNDLE_IDENTIFIER = com.qnm.HandsTrackerTests;
				PRODUCT_NAME = "$(TARGET_NAME)";
				STRING_CATALOG_GENERATE_SYMBOLS = NO;
				SWIFT_APPROACHABLE_CONCURRENCY = YES;
				SWIFT_EMIT_LOC_STRINGS = NO;
				SWIFT_UPCOMING_FEATURE_MEMBER_IMPORT_VISIBILITY = YES;
				SWIFT_VERSION = 5.0;
				TARGETED_DEVICE_FAMILY = "1,2";
				TEST_HOST = "$(BUILT_PRODUCTS_DIR)/HandsTracker.app/$(BUNDLE_EXECUTABLE_FOLDER_PATH)/HandsTracker";
			};
			name = Release;
		};
		267D453B2FEA91B400D61E63 /* Debug */ = {
			isa = XCBuildConfiguration;
			buildSettings = {
				CODE_SIGN_STYLE = Automatic;
				CURRENT_PROJECT_VERSION = 1;
				GENERATE_INFOPLIST_FILE = YES;
				MARKETING_VERSION = 1.0;
				PRODUCT_BUNDLE_IDENTIFIER = com.qnm.HandsTrackerUITests;
				PRODUCT_NAME = "$(TARGET_NAME)";
				STRING_CATALOG_GENERATE_SYMBOLS = NO;
				SWIFT_APPROACHABLE_CONCURRENCY = YES;
				SWIFT_EMIT_LOC_STRINGS = NO;
				SWIFT_UPCOMING_FEATURE_MEMBER_IMPORT_VISIBILITY = YES;
				SWIFT_VERSION = 5.0;
				TARGETED_DEVICE_FAMILY = "1,2";
				TEST_TARGET_NAME = HandsTracker;
			};
			name = Debug;
		};
		267D453C2FEA91B400D61E63 /* Release */ = {
			isa = XCBuildConfiguration;
			buildSettings = {
				CODE_SIGN_STYLE = Automatic;
				CURRENT_PROJECT_VERSION = 1;
				GENERATE_INFOPLIST_FILE = YES;
				MARKETING_VERSION = 1.0;
				PRODUCT_BUNDLE_IDENTIFIER = com.qnm.HandsTrackerUITests;
				PRODUCT_NAME = "$(TARGET_NAME)";
				STRING_CATALOG_GENERATE_SYMBOLS = NO;
				SWIFT_APPROACHABLE_CONCURRENCY = YES;
				SWIFT_EMIT_LOC_STRINGS = NO;
				SWIFT_UPCOMING_FEATURE_MEMBER_IMPORT_VISIBILITY = YES;
				SWIFT_VERSION = 5.0;
				TARGETED_DEVICE_FAMILY = "1,2";
				TEST_TARGET_NAME = HandsTracker;
			};
			name = Release;
		};
/* End XCBuildConfiguration section */

/* Begin XCConfigurationList section */
		267D45042FEA91B200D61E63 /* Build configuration list for PBXProject "HandsTracker" */ = {
			isa = XCConfigurationList;
			buildConfigurations = (
				267D45352FEA91B400D61E63 /* Debug */,
				267D45362FEA91B400D61E63 /* Release */,
			);
			defaultConfigurationIsVisible = 0;
			defaultConfigurationName = Release;
		};
		267D45322FEA91B400D61E63 /* Build configuration list for PBXNativeTarget "HandsTracker" */ = {
			isa = XCConfigurationList;
			buildConfigurations = (
				267D45332FEA91B400D61E63 /* Debug */,
				267D45342FEA91B400D61E63 /* Release */,
			);
			defaultConfigurationIsVisible = 0;
			defaultConfigurationName = Release;
		};
		267D45372FEA91B400D61E63 /* Build configuration list for PBXNativeTarget "HandsTrackerTests" */ = {
			isa = XCConfigurationList;
			buildConfigurations = (
				267D45382FEA91B400D61E63 /* Debug */,
				267D45392FEA91B400D61E63 /* Release */,
			);
			defaultConfigurationIsVisible = 0;
			defaultConfigurationName = Release;
		};
		267D453A2FEA91B400D61E63 /* Build configuration list for PBXNativeTarget "HandsTrackerUITests" */ = {
			isa = XCConfigurationList;
			buildConfigurations = (
				267D453B2FEA91B400D61E63 /* Debug */,
				267D453C2FEA91B400D61E63 /* Release */,
			);
			defaultConfigurationIsVisible = 0;
			defaultConfigurationName = Release;
		};
/* End XCConfigurationList section */

/* Begin XCRemoteSwiftPackageReference section */
		267D45422FEB55D400D61E63 /* XCRemoteSwiftPackageReference "firebase-ios-sdk" */ = {
			isa = XCRemoteSwiftPackageReference;
			repositoryURL = "https://github.com/firebase/firebase-ios-sdk";
			requirement = {
				kind = upToNextMajorVersion;
				minimumVersion = 12.15.0;
			};
		};
		267D45852FEBA0D300D61E63 /* XCRemoteSwiftPackageReference "lottie-ios" */ = {
			isa = XCRemoteSwiftPackageReference;
			repositoryURL = "https://github.com/airbnb/lottie-ios";
			requirement = {
				kind = upToNextMajorVersion;
				minimumVersion = 4.6.1;
			};
		};
		267D45E42FED1A9400D61E63 /* XCRemoteSwiftPackageReference "SnapKit" */ = {
			isa = XCRemoteSwiftPackageReference;
			repositoryURL = "https://github.com/SnapKit/SnapKit.git";
			requirement = {
				kind = upToNextMajorVersion;
				minimumVersion = 6.0.0;
			};
		};
		267D466B2FED70E800D61E63 /* XCRemoteSwiftPackageReference "GoogleSignIn-iOS" */ = {
			isa = XCRemoteSwiftPackageReference;
			repositoryURL = "https://github.com/google/GoogleSignIn-iOS.git";
			requirement = {
				kind = upToNextMajorVersion;
				minimumVersion = 9.2.0;
			};
		};
		267D466E2FED712600D61E63 /* XCRemoteSwiftPackageReference "Alamofire" */ = {
			isa = XCRemoteSwiftPackageReference;
			repositoryURL = "https://github.com/Alamofire/Alamofire.git";
			requirement = {
				kind = upToNextMajorVersion;
				minimumVersion = 5.12.0;
			};
		};
		267D46762FEF895400D61E63 /* XCRemoteSwiftPackageReference "SwiftTasksVision" */ = {
			isa = XCRemoteSwiftPackageReference;
			repositoryURL = "https://github.com/paescebu/SwiftTasksVision";
			requirement = {
				kind = upToNextMajorVersion;
				minimumVersion = 0.10.21;
			};
		};
/* End XCRemoteSwiftPackageReference section */

/* Begin XCSwiftPackageProductDependency section */
		267D45432FEB55D400D61E63 /* FirebaseAuth */ = {
			isa = XCSwiftPackageProductDependency;
			package = 267D45422FEB55D400D61E63 /* XCRemoteSwiftPackageReference "firebase-ios-sdk" */;
			productName = FirebaseAuth;
		};
		267D45452FEB55D400D61E63 /* FirebaseAuthCombine-Community */ = {
			isa = XCSwiftPackageProductDependency;
			package = 267D45422FEB55D400D61E63 /* XCRemoteSwiftPackageReference "firebase-ios-sdk" */;
			productName = "FirebaseAuthCombine-Community";
		};
		267D45472FEB55D400D61E63 /* FirebaseCore */ = {
			isa = XCSwiftPackageProductDependency;
			package = 267D45422FEB55D400D61E63 /* XCRemoteSwiftPackageReference "firebase-ios-sdk" */;
			productName = FirebaseCore;
		};
		267D45862FEBA0D300D61E63 /* Lottie */ = {
			isa = XCSwiftPackageProductDependency;
			package = 267D45852FEBA0D300D61E63 /* XCRemoteSwiftPackageReference "lottie-ios" */;
			productName = Lottie;
		};
		267D45E52FED1A9400D61E63 /* SnapKit */ = {
			isa = XCSwiftPackageProductDependency;
			package = 267D45E42FED1A9400D61E63 /* XCRemoteSwiftPackageReference "SnapKit" */;
			productName = SnapKit;
		};
		267D466C2FED70E800D61E63 /* GoogleSignIn */ = {
			isa = XCSwiftPackageProductDependency;
			package = 267D466B2FED70E800D61E63 /* XCRemoteSwiftPackageReference "GoogleSignIn-iOS" */;
			productName = GoogleSignIn;
		};
		267D466F2FED712600D61E63 /* Alamofire */ = {
			isa = XCSwiftPackageProductDependency;
			package = 267D466E2FED712600D61E63 /* XCRemoteSwiftPackageReference "Alamofire" */;
			productName = Alamofire;
		};
		267D46772FEF895400D61E63 /* SwiftTasksVision */ = {
			isa = XCSwiftPackageProductDependency;
			package = 267D46762FEF895400D61E63 /* XCRemoteSwiftPackageReference "SwiftTasksVision" */;
			productName = SwiftTasksVision;
		};
/* End XCSwiftPackageProductDependency section */
	};
	rootObject = 267D45012FEA91B200D61E63 /* Project object */;
}
